PODS:
  - croppy (0.0.1):
    - Flutter
  - Flutter (1.0.0)
  - image_cropper (0.0.4):
    - Flutter
    - TOCropViewController (~> 2.7.4)
  - image_picker_ios (0.0.1):
    - Flutter
  - TOCropViewController (2.7.4)

DEPENDENCIES:
  - croppy (from `.symlinks/plugins/croppy/ios`)
  - Flutter (from `Flutter`)
  - image_cropper (from `.symlinks/plugins/image_cropper/ios`)
  - image_picker_ios (from `.symlinks/plugins/image_picker_ios/ios`)

SPEC REPOS:
  trunk:
    - TOCropViewController

EXTERNAL SOURCES:
  croppy:
    :path: ".symlinks/plugins/croppy/ios"
  Flutter:
    :path: Flutter
  image_cropper:
    :path: ".symlinks/plugins/image_cropper/ios"
  image_picker_ios:
    :path: ".symlinks/plugins/image_picker_ios/ios"

SPEC CHECKSUMS:
  croppy: b6199bc8d56bd2e03cc11609d1c47ad9875c1321
  Flutter: e0871f40cf51350855a761d2e70bf5af5b9b5de7
  image_cropper: e0bb0042e4404ff2ef134e5cf0492cbd892156cd
  image_picker_ios: c560581cceedb403a6ff17f2f816d7fea1421fc1
  TOCropViewController: 80b8985ad794298fb69d3341de183f33d1853654

PODFILE CHECKSUM: 4305caec6b40dde0ae97be1573c53de1882a07e5

COCOAPODS: 1.16.2
